// !$*UTF8*$!
{
	archiveVersion = 1;
	classes = {
	};
	objectVersion = 46;
	objects = {

/* Begin PBXBuildFile section */
		0A23778F13D3A20B004C7E14 /* Default.png in Resources */ = {isa = PBXBuildFile; fileRef = 0A23778E13D3A20B004C7E14 /* Default.png */; };
		0A355A0413CCB2E100AB9137 /* LoadPresetDemoAppDelegate.m in Sources */ = {isa = PBXBuildFile; fileRef = 0A355A0113CCB2E100AB9137 /* LoadPresetDemoAppDelegate.m */; };
		0A355A0513CCB2E100AB9137 /* MainViewController.m in Sources */ = {isa = PBXBuildFile; fileRef = 0A355A0313CCB2E100AB9137 /* MainViewController.m */; };
		0A355A0D13CCB3E200AB9137 /* InfoPlist.strings in Resources */ = {isa = PBXBuildFile; fileRef = 0A355A0713CCB3E200AB9137 /* InfoPlist.strings */; };
		0A355A0E13CCB3E200AB9137 /* MainViewController.xib in Resources */ = {isa = PBXBuildFile; fileRef = 0A355A0913CCB3E200AB9137 /* MainViewController.xib */; };
		0A355A0F13CCB3E200AB9137 /* MainWindow_iPhone.xib in Resources */ = {isa = PBXBuildFile; fileRef = 0A355A0B13CCB3E200AB9137 /* MainWindow_iPhone.xib */; };
		0A355A1B13CCB74600AB9137 /* Icon-72.png in Resources */ = {isa = PBXBuildFile; fileRef = 0A355A1513CCB74600AB9137 /* Icon-72.png */; };
		0A355A1C13CCB74600AB9137 /* Icon-Small-50.png in Resources */ = {isa = PBXBuildFile; fileRef = 0A355A1613CCB74600AB9137 /* Icon-Small-50.png */; };
		0A355A1D13CCB74600AB9137 /* Icon-Small.png in Resources */ = {isa = PBXBuildFile; fileRef = 0A355A1713CCB74600AB9137 /* Icon-Small.png */; };
		0A355A1E13CCB74600AB9137 /* Icon-Small@2x.png in Resources */ = {isa = PBXBuildFile; fileRef = 0A355A1813CCB74600AB9137 /* Icon-Small@2x.png */; };
		0A355A1F13CCB74600AB9137 /* Icon.png in Resources */ = {isa = PBXBuildFile; fileRef = 0A355A1913CCB74600AB9137 /* Icon.png */; };
		0A355A2013CCB74600AB9137 /* Icon@2x.png in Resources */ = {isa = PBXBuildFile; fileRef = 0A355A1A13CCB74600AB9137 /* Icon@2x.png */; };
		0A355A2613CD2A4C00AB9137 /* AVFoundation.framework in Frameworks */ = {isa = PBXBuildFile; fileRef = 0A355A2513CD2A4C00AB9137 /* AVFoundation.framework */; };
		5993ABF2138DFC9A00AF7AD8 /* Trombone.aupreset in Resources */ = {isa = PBXBuildFile; fileRef = 5993ABF0138DFC9A00AF7AD8 /* Trombone.aupreset */; };
		5993ABF3138DFC9A00AF7AD8 /* Vibraphone.aupreset in Resources */ = {isa = PBXBuildFile; fileRef = 5993ABF1138DFC9A00AF7AD8 /* Vibraphone.aupreset */; };
		59E6DE29134F9EE7009F373F /* UIKit.framework in Frameworks */ = {isa = PBXBuildFile; fileRef = 59E6DE28134F9EE7009F373F /* UIKit.framework */; };
		59E6DE2B134F9EE8009F373F /* Foundation.framework in Frameworks */ = {isa = PBXBuildFile; fileRef = 59E6DE2A134F9EE7009F373F /* Foundation.framework */; };
		59E6DE2D134F9EE8009F373F /* CoreGraphics.framework in Frameworks */ = {isa = PBXBuildFile; fileRef = 59E6DE2C134F9EE8009F373F /* CoreGraphics.framework */; };
		59E6DE36134F9EE8009F373F /* main.m in Sources */ = {isa = PBXBuildFile; fileRef = 59E6DE35134F9EE8009F373F /* main.m */; };
		59E6DE60134FA493009F373F /* AudioToolbox.framework in Frameworks */ = {isa = PBXBuildFile; fileRef = 59E6DE5F134FA493009F373F /* AudioToolbox.framework */; };
		F0305D92186CD981002BECEF /* SweepTest.aupreset in Resources */ = {isa = PBXBuildFile; fileRef = F0305D91186CD981002BECEF /* SweepTest.aupreset */; };
		F0305D94186CDA24002BECEF /* TromboneEdit.aupreset in Resources */ = {isa = PBXBuildFile; fileRef = F0305D93186CDA24002BECEF /* TromboneEdit.aupreset */; };
		F0305D96186CDDA7002BECEF /* Sounds in Resources */ = {isa = PBXBuildFile; fileRef = F0305D95186CDDA7002BECEF /* Sounds */; };
		F0441D42187E10DF00E19AFD /* fmvoc.wav in Resources */ = {isa = PBXBuildFile; fileRef = F0441D41187E10DF00E19AFD /* fmvoc.wav */; };
		F0441D44187F318600E19AFD /* hihat_OpenAndCloseHat.wav in Resources */ = {isa = PBXBuildFile; fileRef = F0441D43187F318600E19AFD /* hihat_OpenAndCloseHat.wav */; };
		F0441D49187F9CCA00E19AFD /* SweepPad2.aupreset in Resources */ = {isa = PBXBuildFile; fileRef = F0441D48187F9CCA00E19AFD /* SweepPad2.aupreset */; };
		F0441D4C187FB50600E19AFD /* robotic1234.wav in Resources */ = {isa = PBXBuildFile; fileRef = F0441D4B187FB50600E19AFD /* robotic1234.wav */; };
		F0441D4E187FB87700E19AFD /* synthicoDrums.wav in Resources */ = {isa = PBXBuildFile; fileRef = F0441D4D187FB87700E19AFD /* synthicoDrums.wav */; };
		F0441D52188008B400E19AFD /* 084 hardhop.wav in Resources */ = {isa = PBXBuildFile; fileRef = F0441D51188008B400E19AFD /* 084 hardhop.wav */; };
		F0441D5418800DF800E19AFD /* SweepPad4.aupreset in Resources */ = {isa = PBXBuildFile; fileRef = F0441D5318800DF800E19AFD /* SweepPad4.aupreset */; };
		F0441D5A188019D000E19AFD /* SweepPad5.aupreset in Resources */ = {isa = PBXBuildFile; fileRef = F0441D59188019D000E19AFD /* SweepPad5.aupreset */; };
		F0441D5C18801BE100E19AFD /* sine440.wav in Resources */ = {isa = PBXBuildFile; fileRef = F0441D5B18801BE100E19AFD /* sine440.wav */; };
		F0441D5E18801D5A00E19AFD /* zeb.wav in Resources */ = {isa = PBXBuildFile; fileRef = F0441D5D18801D5A00E19AFD /* zeb.wav */; };
		F0911686186CCD7D0041A209 /* SweepPad.aupreset in Resources */ = {isa = PBXBuildFile; fileRef = F0911685186CCD7D0041A209 /* SweepPad.aupreset */; };
		F09DE5F818810A6200971B1A /* Default-568h@2x.png in Resources */ = {isa = PBXBuildFile; fileRef = F09DE5F718810A6200971B1A /* Default-568h@2x.png */; };
		F09DE5FA18810F8A00971B1A /* KeyRange.aupreset in Resources */ = {isa = PBXBuildFile; fileRef = F09DE5F918810F8A00971B1A /* KeyRange.aupreset */; };
		F09DE5FF18815AB600971B1A /* SweepPad6.aupreset in Resources */ = {isa = PBXBuildFile; fileRef = F09DE5FE18815AB600971B1A /* SweepPad6.aupreset */; };
		F09DE601188168B200971B1A /* SweepPad7.aupreset in Resources */ = {isa = PBXBuildFile; fileRef = F09DE600188168B200971B1A /* SweepPad7.aupreset */; };
		F09DE6031881721F00971B1A /* QuasiA 048.wav in Resources */ = {isa = PBXBuildFile; fileRef = F09DE6021881721F00971B1A /* QuasiA 048.wav */; };
		F09DE6051881730E00971B1A /* D.B. Bass One Shot 11 (G).wav in Resources */ = {isa = PBXBuildFile; fileRef = F09DE6041881730E00971B1A /* D.B. Bass One Shot 11 (G).wav */; };
/* End PBXBuildFile section */

/* Begin PBXFileReference section */
		0A23778E13D3A20B004C7E14 /* Default.png */ = {isa = PBXFileReference; lastKnownFileType = image.png; path = Default.png; sourceTree = "<group>"; };
		0A355A0013CCB2E100AB9137 /* LoadPresetDemoAppDelegate.h */ = {isa = PBXFileReference; fileEncoding = 4; lastKnownFileType = sourcecode.c.h; path = LoadPresetDemoAppDelegate.h; sourceTree = "<group>"; };
		0A355A0113CCB2E100AB9137 /* LoadPresetDemoAppDelegate.m */ = {isa = PBXFileReference; fileEncoding = 4; lastKnownFileType = sourcecode.c.objc; path = LoadPresetDemoAppDelegate.m; sourceTree = "<group>"; };
		0A355A0213CCB2E100AB9137 /* MainViewController.h */ = {isa = PBXFileReference; fileEncoding = 4; lastKnownFileType = sourcecode.c.h; path = MainViewController.h; sourceTree = "<group>"; };
		0A355A0313CCB2E100AB9137 /* MainViewController.m */ = {isa = PBXFileReference; fileEncoding = 4; lastKnownFileType = sourcecode.c.objc; path = MainViewController.m; sourceTree = "<group>"; };
		0A355A0813CCB3E200AB9137 /* en */ = {isa = PBXFileReference; lastKnownFileType = text.plist.strings; name = en; path = InfoPlist.strings; sourceTree = "<group>"; };
		0A355A0A13CCB3E200AB9137 /* en */ = {isa = PBXFileReference; lastKnownFileType = file.xib; name = en; path = MainViewController.xib; sourceTree = "<group>"; };
		0A355A0C13CCB3E200AB9137 /* en */ = {isa = PBXFileReference; lastKnownFileType = file.xib; name = en; path = MainWindow_iPhone.xib; sourceTree = "<group>"; };
		0A355A1513CCB74600AB9137 /* Icon-72.png */ = {isa = PBXFileReference; lastKnownFileType = image.png; path = "Icon-72.png"; sourceTree = "<group>"; };
		0A355A1613CCB74600AB9137 /* Icon-Small-50.png */ = {isa = PBXFileReference; lastKnownFileType = image.png; path = "Icon-Small-50.png"; sourceTree = "<group>"; };
		0A355A1713CCB74600AB9137 /* Icon-Small.png */ = {isa = PBXFileReference; lastKnownFileType = image.png; path = "Icon-Small.png"; sourceTree = "<group>"; };
		0A355A1813CCB74600AB9137 /* Icon-Small@2x.png */ = {isa = PBXFileReference; lastKnownFileType = image.png; path = "Icon-Small@2x.png"; sourceTree = "<group>"; };
		0A355A1913CCB74600AB9137 /* Icon.png */ = {isa = PBXFileReference; lastKnownFileType = image.png; path = Icon.png; sourceTree = "<group>"; };
		0A355A1A13CCB74600AB9137 /* Icon@2x.png */ = {isa = PBXFileReference; lastKnownFileType = image.png; path = "Icon@2x.png"; sourceTree = "<group>"; };
		0A355A2513CD2A4C00AB9137 /* AVFoundation.framework */ = {isa = PBXFileReference; lastKnownFileType = wrapper.framework; name = AVFoundation.framework; path = System/Library/Frameworks/AVFoundation.framework; sourceTree = SDKROOT; };
		5912FFB1139B1CCD00E2ACAA /* ReadMe.txt */ = {isa = PBXFileReference; fileEncoding = 4; lastKnownFileType = text; path = ReadMe.txt; sourceTree = "<group>"; };
		5993ABF0138DFC9A00AF7AD8 /* Trombone.aupreset */ = {isa = PBXFileReference; fileEncoding = 4; lastKnownFileType = text.xml; path = Trombone.aupreset; sourceTree = "<group>"; };
		5993ABF1138DFC9A00AF7AD8 /* Vibraphone.aupreset */ = {isa = PBXFileReference; fileEncoding = 4; lastKnownFileType = text.xml; path = Vibraphone.aupreset; sourceTree = "<group>"; };
		59E6DE24134F9EE7009F373F /* Load Presets.app */ = {isa = PBXFileReference; explicitFileType = wrapper.application; includeInIndex = 0; path = "Load Presets.app"; sourceTree = BUILT_PRODUCTS_DIR; };
		59E6DE28134F9EE7009F373F /* UIKit.framework */ = {isa = PBXFileReference; lastKnownFileType = wrapper.framework; name = UIKit.framework; path = System/Library/Frameworks/UIKit.framework; sourceTree = SDKROOT; };
		59E6DE2A134F9EE7009F373F /* Foundation.framework */ = {isa = PBXFileReference; lastKnownFileType = wrapper.framework; name = Foundation.framework; path = System/Library/Frameworks/Foundation.framework; sourceTree = SDKROOT; };
		59E6DE2C134F9EE8009F373F /* CoreGraphics.framework */ = {isa = PBXFileReference; lastKnownFileType = wrapper.framework; name = CoreGraphics.framework; path = System/Library/Frameworks/CoreGraphics.framework; sourceTree = SDKROOT; };
		59E6DE30134F9EE8009F373F /* LoadPresetDemo-Info.plist */ = {isa = PBXFileReference; lastKnownFileType = text.plist.xml; path = "LoadPresetDemo-Info.plist"; sourceTree = "<group>"; };
		59E6DE34134F9EE8009F373F /* LoadPresetDemo-Prefix.pch */ = {isa = PBXFileReference; lastKnownFileType = sourcecode.c.h; path = "LoadPresetDemo-Prefix.pch"; sourceTree = "<group>"; };
		59E6DE35134F9EE8009F373F /* main.m */ = {isa = PBXFileReference; lastKnownFileType = sourcecode.c.objc; path = main.m; sourceTree = "<group>"; };
		59E6DE5F134FA493009F373F /* AudioToolbox.framework */ = {isa = PBXFileReference; lastKnownFileType = wrapper.framework; name = AudioToolbox.framework; path = System/Library/Frameworks/AudioToolbox.framework; sourceTree = SDKROOT; };
		F0305D91186CD981002BECEF /* SweepTest.aupreset */ = {isa = PBXFileReference; fileEncoding = 4; lastKnownFileType = text.xml; path = SweepTest.aupreset; sourceTree = "<group>"; };
		F0305D93186CDA24002BECEF /* TromboneEdit.aupreset */ = {isa = PBXFileReference; fileEncoding = 4; lastKnownFileType = text.xml; path = TromboneEdit.aupreset; sourceTree = "<group>"; };
		F0305D95186CDDA7002BECEF /* Sounds */ = {isa = PBXFileReference; lastKnownFileType = folder; path = Sounds; sourceTree = "<group>"; };
		F0441D41187E10DF00E19AFD /* fmvoc.wav */ = {isa = PBXFileReference; lastKnownFileType = audio.wav; path = fmvoc.wav; sourceTree = "<group>"; };
		F0441D43187F318600E19AFD /* hihat_OpenAndCloseHat.wav */ = {isa = PBXFileReference; lastKnownFileType = audio.wav; path = hihat_OpenAndCloseHat.wav; sourceTree = "<group>"; };
		F0441D48187F9CCA00E19AFD /* SweepPad2.aupreset */ = {isa = PBXFileReference; fileEncoding = 4; lastKnownFileType = text.xml; path = SweepPad2.aupreset; sourceTree = "<group>"; };
		F0441D4B187FB50600E19AFD /* robotic1234.wav */ = {isa = PBXFileReference; lastKnownFileType = audio.wav; path = robotic1234.wav; sourceTree = "<group>"; };
		F0441D4D187FB87700E19AFD /* synthicoDrums.wav */ = {isa = PBXFileReference; lastKnownFileType = audio.wav; path = synthicoDrums.wav; sourceTree = "<group>"; };
		F0441D51188008B400E19AFD /* 084 hardhop.wav */ = {isa = PBXFileReference; lastKnownFileType = audio.wav; path = "084 hardhop.wav"; sourceTree = "<group>"; };
		F0441D5318800DF800E19AFD /* SweepPad4.aupreset */ = {isa = PBXFileReference; fileEncoding = 4; lastKnownFileType = text.xml; path = SweepPad4.aupreset; sourceTree = "<group>"; };
		F0441D59188019D000E19AFD /* SweepPad5.aupreset */ = {isa = PBXFileReference; fileEncoding = 4; lastKnownFileType = text.xml; path = SweepPad5.aupreset; sourceTree = "<group>"; };
		F0441D5B18801BE100E19AFD /* sine440.wav */ = {isa = PBXFileReference; lastKnownFileType = audio.wav; path = sine440.wav; sourceTree = "<group>"; };
		F0441D5D18801D5A00E19AFD /* zeb.wav */ = {isa = PBXFileReference; lastKnownFileType = audio.wav; path = zeb.wav; sourceTree = "<group>"; };
		F0911685186CCD7D0041A209 /* SweepPad.aupreset */ = {isa = PBXFileReference; fileEncoding = 4; lastKnownFileType = text.xml; path = SweepPad.aupreset; sourceTree = "<group>"; };
		F09DE5F718810A6200971B1A /* Default-568h@2x.png */ = {isa = PBXFileReference; lastKnownFileType = image.png; path = "Default-568h@2x.png"; sourceTree = "<group>"; };
		F09DE5F918810F8A00971B1A /* KeyRange.aupreset */ = {isa = PBXFileReference; fileEncoding = 4; lastKnownFileType = text.xml; name = KeyRange.aupreset; path = ../../../../../Library/Audio/Presets/Apple/AUSampler/KeyRange.aupreset; sourceTree = "<group>"; };
		F09DE5FE18815AB600971B1A /* SweepPad6.aupreset */ = {isa = PBXFileReference; fileEncoding = 4; lastKnownFileType = text.xml; path = SweepPad6.aupreset; sourceTree = "<group>"; };
		F09DE600188168B200971B1A /* SweepPad7.aupreset */ = {isa = PBXFileReference; fileEncoding = 4; lastKnownFileType = text.xml; path = SweepPad7.aupreset; sourceTree = "<group>"; };
		F09DE6021881721F00971B1A /* QuasiA 048.wav */ = {isa = PBXFileReference; lastKnownFileType = audio.wav; path = "QuasiA 048.wav"; sourceTree = "<group>"; };
		F09DE6041881730E00971B1A /* D.B. Bass One Shot 11 (G).wav */ = {isa = PBXFileReference; lastKnownFileType = audio.wav; path = "D.B. Bass One Shot 11 (G).wav"; sourceTree = "<group>"; };
/* End PBXFileReference section */

/* Begin PBXFrameworksBuildPhase section */
		59E6DE21134F9EE7009F373F /* Frameworks */ = {
			isa = PBXFrameworksBuildPhase;
			buildActionMask = 2147483647;
			files = (
				0A355A2613CD2A4C00AB9137 /* AVFoundation.framework in Frameworks */,
				59E6DE60134FA493009F373F /* AudioToolbox.framework in Frameworks */,
				59E6DE29134F9EE7009F373F /* UIKit.framework in Frameworks */,
				59E6DE2B134F9EE8009F373F /* Foundation.framework in Frameworks */,
				59E6DE2D134F9EE8009F373F /* CoreGraphics.framework in Frameworks */,
			);
			runOnlyForDeploymentPostprocessing = 0;
		};
/* End PBXFrameworksBuildPhase section */

/* Begin PBXGroup section */
		0A3559FF13CCB2E100AB9137 /* Classes */ = {
			isa = PBXGroup;
			children = (
				0A355A0013CCB2E100AB9137 /* LoadPresetDemoAppDelegate.h */,
				0A355A0113CCB2E100AB9137 /* LoadPresetDemoAppDelegate.m */,
				0A355A0213CCB2E100AB9137 /* MainViewController.h */,
				0A355A0313CCB2E100AB9137 /* MainViewController.m */,
			);
			name = Classes;
			path = LoadPresetDemo/Classes;
			sourceTree = "<group>";
		};
		0A355A0613CCB3E200AB9137 /* en.lproj */ = {
			isa = PBXGroup;
			children = (
				0A355A0713CCB3E200AB9137 /* InfoPlist.strings */,
				0A355A0913CCB3E200AB9137 /* MainViewController.xib */,
				0A355A0B13CCB3E200AB9137 /* MainWindow_iPhone.xib */,
			);
			name = en.lproj;
			path = Resources/en.lproj;
			sourceTree = "<group>";
		};
		0A355A1413CCB74600AB9137 /* Images */ = {
			isa = PBXGroup;
			children = (
				0A23778E13D3A20B004C7E14 /* Default.png */,
				0A355A1513CCB74600AB9137 /* Icon-72.png */,
				0A355A1613CCB74600AB9137 /* Icon-Small-50.png */,
				0A355A1713CCB74600AB9137 /* Icon-Small.png */,
				0A355A1813CCB74600AB9137 /* Icon-Small@2x.png */,
				0A355A1913CCB74600AB9137 /* Icon.png */,
				0A355A1A13CCB74600AB9137 /* Icon@2x.png */,
			);
			name = Images;
			path = Resources/Images;
			sourceTree = "<group>";
		};
		5993ABEF138DFAF500AF7AD8 /* Resources */ = {
			isa = PBXGroup;
			children = (
				F09DE6041881730E00971B1A /* D.B. Bass One Shot 11 (G).wav */,
				F09DE6021881721F00971B1A /* QuasiA 048.wav */,
				F0441D5D18801D5A00E19AFD /* zeb.wav */,
				F0441D5B18801BE100E19AFD /* sine440.wav */,
				F0441D51188008B400E19AFD /* 084 hardhop.wav */,
				F0441D4D187FB87700E19AFD /* synthicoDrums.wav */,
				F0441D4B187FB50600E19AFD /* robotic1234.wav */,
				F0441D43187F318600E19AFD /* hihat_OpenAndCloseHat.wav */,
				F0441D41187E10DF00E19AFD /* fmvoc.wav */,
				F0305D95186CDDA7002BECEF /* Sounds */,
				0A355A0613CCB3E200AB9137 /* en.lproj */,
				0A355A1413CCB74600AB9137 /* Images */,
				5993ABF1138DFC9A00AF7AD8 /* Vibraphone.aupreset */,
				5993ABF0138DFC9A00AF7AD8 /* Trombone.aupreset */,
				F0305D93186CDA24002BECEF /* TromboneEdit.aupreset */,
				F0911685186CCD7D0041A209 /* SweepPad.aupreset */,
				F0441D48187F9CCA00E19AFD /* SweepPad2.aupreset */,
				F0441D5318800DF800E19AFD /* SweepPad4.aupreset */,
				F0441D59188019D000E19AFD /* SweepPad5.aupreset */,
				F09DE5FE18815AB600971B1A /* SweepPad6.aupreset */,
				F09DE600188168B200971B1A /* SweepPad7.aupreset */,
				F09DE5F918810F8A00971B1A /* KeyRange.aupreset */,
				F0305D91186CD981002BECEF /* SweepTest.aupreset */,
			);
			name = Resources;
			path = LoadPresetDemo;
			sourceTree = "<group>";
		};
		59E6DE19134F9EE7009F373F = {
			isa = PBXGroup;
			children = (
				F09DE5F718810A6200971B1A /* Default-568h@2x.png */,
				5912FFB1139B1CCD00E2ACAA /* ReadMe.txt */,
				0A3559FF13CCB2E100AB9137 /* Classes */,
				5993ABEF138DFAF500AF7AD8 /* Resources */,
				59E6DE2F134F9EE8009F373F /* Other Sources */,
				59E6DE27134F9EE7009F373F /* Frameworks */,
				59E6DE25134F9EE7009F373F /* Products */,
			);
			sourceTree = "<group>";
		};
		59E6DE25134F9EE7009F373F /* Products */ = {
			isa = PBXGroup;
			children = (
				59E6DE24134F9EE7009F373F /* Load Presets.app */,
			);
			name = Products;
			sourceTree = "<group>";
		};
		59E6DE27134F9EE7009F373F /* Frameworks */ = {
			isa = PBXGroup;
			children = (
				0A355A2513CD2A4C00AB9137 /* AVFoundation.framework */,
				59E6DE5F134FA493009F373F /* AudioToolbox.framework */,
				59E6DE28134F9EE7009F373F /* UIKit.framework */,
				59E6DE2A134F9EE7009F373F /* Foundation.framework */,
				59E6DE2C134F9EE8009F373F /* CoreGraphics.framework */,
			);
			name = Frameworks;
			sourceTree = "<group>";
		};
		59E6DE2F134F9EE8009F373F /* Other Sources */ = {
			isa = PBXGroup;
			children = (
				59E6DE30134F9EE8009F373F /* LoadPresetDemo-Info.plist */,
				59E6DE34134F9EE8009F373F /* LoadPresetDemo-Prefix.pch */,
				59E6DE35134F9EE8009F373F /* main.m */,
			);
			name = "Other Sources";
			path = LoadPresetDemo;
			sourceTree = "<group>";
		};
/* End PBXGroup section */

/* Begin PBXNativeTarget section */
		59E6DE23134F9EE7009F373F /* LoadPresetDemo */ = {
			isa = PBXNativeTarget;
			buildConfigurationList = 59E6DE4A134F9EE8009F373F /* Build configuration list for PBXNativeTarget "LoadPresetDemo" */;
			buildPhases = (
				59E6DE20134F9EE7009F373F /* Sources */,
				59E6DE21134F9EE7009F373F /* Frameworks */,
				59E6DE22134F9EE7009F373F /* Resources */,
			);
			buildRules = (
			);
			dependencies = (
			);
			name = LoadPresetDemo;
			productName = LoadPresetDemo;
			productReference = 59E6DE24134F9EE7009F373F /* Load Presets.app */;
			productType = "com.apple.product-type.application";
		};
/* End PBXNativeTarget section */

/* Begin PBXProject section */
		59E6DE1B134F9EE7009F373F /* Project object */ = {
			isa = PBXProject;
			attributes = {
				LastUpgradeCheck = 0500;
				ORGANIZATIONNAME = Apple;
			};
			buildConfigurationList = 59E6DE1E134F9EE7009F373F /* Build configuration list for PBXProject "LoadPresetDemo" */;
			compatibilityVersion = "Xcode 3.2";
			developmentRegion = English;
			hasScannedForEncodings = 0;
			knownRegions = (
				en,
			);
			mainGroup = 59E6DE19134F9EE7009F373F;
			productRefGroup = 59E6DE25134F9EE7009F373F /* Products */;
			projectDirPath = "";
			projectRoot = "";
			targets = (
				59E6DE23134F9EE7009F373F /* LoadPresetDemo */,
			);
		};
/* End PBXProject section */

/* Begin PBXResourcesBuildPhase section */
		59E6DE22134F9EE7009F373F /* Resources */ = {
			isa = PBXResourcesBuildPhase;
			buildActionMask = 2147483647;
			files = (
				F09DE6031881721F00971B1A /* QuasiA 048.wav in Resources */,
				F0441D52188008B400E19AFD /* 084 hardhop.wav in Resources */,
				F0441D4E187FB87700E19AFD /* synthicoDrums.wav in Resources */,
				F0441D5E18801D5A00E19AFD /* zeb.wav in Resources */,
				F0441D42187E10DF00E19AFD /* fmvoc.wav in Resources */,
				F0441D5C18801BE100E19AFD /* sine440.wav in Resources */,
				5993ABF2138DFC9A00AF7AD8 /* Trombone.aupreset in Resources */,
				5993ABF3138DFC9A00AF7AD8 /* Vibraphone.aupreset in Resources */,
				F0305D96186CDDA7002BECEF /* Sounds in Resources */,
				F09DE5FF18815AB600971B1A /* SweepPad6.aupreset in Resources */,
				0A355A0D13CCB3E200AB9137 /* InfoPlist.strings in Resources */,
				F0441D49187F9CCA00E19AFD /* SweepPad2.aupreset in Resources */,
				F09DE5FA18810F8A00971B1A /* KeyRange.aupreset in Resources */,
				0A355A0E13CCB3E200AB9137 /* MainViewController.xib in Resources */,
				F09DE601188168B200971B1A /* SweepPad7.aupreset in Resources */,
				F09DE5F818810A6200971B1A /* Default-568h@2x.png in Resources */,
				F0441D4C187FB50600E19AFD /* robotic1234.wav in Resources */,
				0A355A0F13CCB3E200AB9137 /* MainWindow_iPhone.xib in Resources */,
				F0305D92186CD981002BECEF /* SweepTest.aupreset in Resources */,
				F0441D44187F318600E19AFD /* hihat_OpenAndCloseHat.wav in Resources */,
				F0441D5418800DF800E19AFD /* SweepPad4.aupreset in Resources */,
				0A355A1B13CCB74600AB9137 /* Icon-72.png in Resources */,
				0A355A1C13CCB74600AB9137 /* Icon-Small-50.png in Resources */,
				F0305D94186CDA24002BECEF /* TromboneEdit.aupreset in Resources */,
				F0911686186CCD7D0041A209 /* SweepPad.aupreset in Resources */,
				0A355A1D13CCB74600AB9137 /* Icon-Small.png in Resources */,
				0A355A1E13CCB74600AB9137 /* Icon-Small@2x.png in Resources */,
				0A355A1F13CCB74600AB9137 /* Icon.png in Resources */,
				0A355A2013CCB74600AB9137 /* Icon@2x.png in Resources */,
				0A23778F13D3A20B004C7E14 /* Default.png in Resources */,
				F09DE6051881730E00971B1A /* D.B. Bass One Shot 11 (G).wav in Resources */,
				F0441D5A188019D000E19AFD /* SweepPad5.aupreset in Resources */,
			);
			runOnlyForDeploymentPostprocessing = 0;
		};
/* End PBXResourcesBuildPhase section */

/* Begin PBXSourcesBuildPhase section */
		59E6DE20134F9EE7009F373F /* Sources */ = {
			isa = PBXSourcesBuildPhase;
			buildActionMask = 2147483647;
			files = (
				59E6DE36134F9EE8009F373F /* main.m in Sources */,
				0A355A0413CCB2E100AB9137 /* LoadPresetDemoAppDelegate.m in Sources */,
				0A355A0513CCB2E100AB9137 /* MainViewController.m in Sources */,
			);
			runOnlyForDeploymentPostprocessing = 0;
		};
/* End PBXSourcesBuildPhase section */

/* Begin PBXVariantGroup section */
		0A355A0713CCB3E200AB9137 /* InfoPlist.strings */ = {
			isa = PBXVariantGroup;
			children = (
				0A355A0813CCB3E200AB9137 /* en */,
			);
			name = InfoPlist.strings;
			sourceTree = "<group>";
		};
		0A355A0913CCB3E200AB9137 /* MainViewController.xib */ = {
			isa = PBXVariantGroup;
			children = (
				0A355A0A13CCB3E200AB9137 /* en */,
			);
			name = MainViewController.xib;
			sourceTree = "<group>";
		};
		0A355A0B13CCB3E200AB9137 /* MainWindow_iPhone.xib */ = {
			isa = PBXVariantGroup;
			children = (
				0A355A0C13CCB3E200AB9137 /* en */,
			);
			name = MainWindow_iPhone.xib;
			sourceTree = "<group>";
		};
/* End PBXVariantGroup section */

/* Begin XCBuildConfiguration section */
		59E6DE48134F9EE8009F373F /* Debug */ = {
			isa = XCBuildConfiguration;
			buildSettings = {
				"CODE_SIGN_IDENTITY[sdk=iphoneos*]" = "iPhone Developer";
				GCC_C_LANGUAGE_STANDARD = gnu99;
				GCC_OPTIMIZATION_LEVEL = 0;
				GCC_PREPROCESSOR_DEFINITIONS = "DEBUG=1";
				GCC_SYMBOLS_PRIVATE_EXTERN = NO;
				GCC_VERSION = com.apple.compilers.llvmgcc42;
				GCC_WARN_ABOUT_MISSING_PROTOTYPES = YES;
				GCC_WARN_ABOUT_RETURN_TYPE = YES;
				GCC_WARN_UNUSED_VARIABLE = YES;
				IPHONEOS_DEPLOYMENT_TARGET = 5.0;
				ONLY_ACTIVE_ARCH = YES;
				SDKROOT = iphoneos;
				TARGETED_DEVICE_FAMILY = 1;
			};
			name = Debug;
		};
		59E6DE49134F9EE8009F373F /* Release */ = {
			isa = XCBuildConfiguration;
			buildSettings = {
				"CODE_SIGN_IDENTITY[sdk=iphoneos*]" = "iPhone Developer";
				GCC_C_LANGUAGE_STANDARD = gnu99;
				GCC_VERSION = com.apple.compilers.llvmgcc42;
				GCC_WARN_ABOUT_MISSING_PROTOTYPES = YES;
				GCC_WARN_ABOUT_RETURN_TYPE = YES;
				GCC_WARN_UNUSED_VARIABLE = YES;
				IPHONEOS_DEPLOYMENT_TARGET = 5.0;
				OTHER_CFLAGS = "-DNS_BLOCK_ASSERTIONS=1";
				SDKROOT = iphoneos;
				TARGETED_DEVICE_FAMILY = 1;
			};
			name = Release;
		};
		59E6DE4B134F9EE8009F373F /* Debug */ = {
			isa = XCBuildConfiguration;
			buildSettings = {
				ALWAYS_SEARCH_USER_PATHS = NO;
				CLANG_ENABLE_OBJC_ARC = YES;
				CODE_SIGN_IDENTITY = "iPhone Developer: Steph O'Hara (5GQYFL9G3E)";
				COPY_PHASE_STRIP = NO;
				GCC_DYNAMIC_NO_PIC = NO;
				GCC_PRECOMPILE_PREFIX_HEADER = YES;
				GCC_PREFIX_HEADER = "LoadPresetDemo/LoadPresetDemo-Prefix.pch";
				GCC_VERSION = com.apple.compilers.llvm.clang.1_0;
				INFOPLIST_FILE = "LoadPresetDemo/LoadPresetDemo-Info.plist";
				PRODUCT_NAME = "Load Presets";
				PROVISIONING_PROFILE = "8388B728-8D5F-41CE-A67E-BF49D8C9BA57";
				WRAPPER_EXTENSION = app;
			};
			name = Debug;
		};
		59E6DE4C134F9EE8009F373F /* Release */ = {
			isa = XCBuildConfiguration;
			buildSettings = {
				ALWAYS_SEARCH_USER_PATHS = NO;
				CLANG_ENABLE_OBJC_ARC = YES;
				CODE_SIGN_IDENTITY = "iPhone Developer: Steph O'Hara (5GQYFL9G3E)";
				COPY_PHASE_STRIP = YES;
				GCC_PRECOMPILE_PREFIX_HEADER = YES;
				GCC_PREFIX_HEADER = "LoadPresetDemo/LoadPresetDemo-Prefix.pch";
				GCC_VERSION = com.apple.compilers.llvm.clang.1_0;
				INFOPLIST_FILE = "LoadPresetDemo/LoadPresetDemo-Info.plist";
				PRODUCT_NAME = "Load Presets";
				PROVISIONING_PROFILE = "8388B728-8D5F-41CE-A67E-BF49D8C9BA57";
				VALIDATE_PRODUCT = YES;
				WRAPPER_EXTENSION = app;
			};
			name = Release;
		};
/* End XCBuildConfiguration section */

/* Begin XCConfigurationList section */
		59E6DE1E134F9EE7009F373F /* Build configuration list for PBXProject "LoadPresetDemo" */ = {
			isa = XCConfigurationList;
			buildConfigurations = (
				59E6DE48134F9EE8009F373F /* Debug */,
				59E6DE49134F9EE8009F373F /* Release */,
			);
			defaultConfigurationIsVisible = 0;
			defaultConfigurationName = Release;
		};
		59E6DE4A134F9EE8009F373F /* Build configuration list for PBXNativeTarget "LoadPresetDemo" */ = {
			isa = XCConfigurationList;
			buildConfigurations = (
				59E6DE4B134F9EE8009F373F /* Debug */,
				59E6DE4C134F9EE8009F373F /* Release */,
			);
			defaultConfigurationIsVisible = 0;
			defaultConfigurationName = Release;
		};
/* End XCConfigurationList section */
	};
	rootObject = 59E6DE1B134F9EE7009F373F /* Project object */;
}
